# This file is automatically @generated by Poetry 2.0.0 and should not be changed by hand.

[[package]]
name = "isodd"
version = "0.1.2"
description = "Simple library to check if a number is odd"
optional = false
python-versions = "*"
groups = ["dev"]
files = [
    {file = "isOdd-0.1.2.tar.gz", hash = "sha256:99c0ef564aac474091d9146b36327ec45fbe80f741c90751d41eeb1eb63a487e"},
]

[[package]]
name = "six"
version = "1.17.0"
description = "Python 2 and 3 compatibility utilities"
optional = false
python-versions = "!=3.0.*,!=3.1.*,!=3.2.*,>=2.7"
groups = ["main"]
files = [
    {file = "six-1.17.0-py2.py3-none-any.whl", hash = "sha256:4721f391ed90541fddacab5acf947aa0d3dc7d27b2e1e8eda2be8970586c3274"},
    {file = "six-1.17.0.tar.gz", hash = "sha256:ff70335d468e7eb6ec65b95b99d3a2836546063f63acc5171de367e834932a81"},
]

[metadata]
lock-version = "2.1"
python-versions = ">=3.13"
content-hash = "b864793cec64dd2fb0dfcf3e64e8b07987c9d63bd63ebd0323d6493ce303c456"
