# This file is automatically @generated by Poetry 2.0.0 and should not be changed by hand.

[[package]]
name = "isodd"
version = "0.1.2"
description = "Simple library to check if a number is odd"
optional = false
python-versions = "*"
groups = ["dev"]
files = [
    {file = "isOdd-0.1.2.tar.gz", hash = "sha256:99c0ef564aac474091d9146b36327ec45fbe80f741c90751d41eeb1eb63a487e"},
]

[[package]]
name = "simple-enum"
version = "0.0.6"
description = "A simpler Enum for Python 3"
optional = false
python-versions = "*"
groups = ["dev"]
files = [
    {file = "simple-enum-0.0.6.tar.gz", hash = "sha256:e088c788185d0d4a90892fe4b2ee7f973e4f0ae2f43e171ba128345b7c202f72"},
]

[[package]]
name = "six"
version = "1.17.0"
description = "Python 2 and 3 compatibility utilities"
optional = false
python-versions = "!=3.0.*,!=3.1.*,!=3.2.*,>=2.7"
groups = ["main"]
files = [
    {file = "six-1.17.0-py2.py3-none-any.whl", hash = "sha256:4721f391ed90541fddacab5acf947aa0d3dc7d27b2e1e8eda2be8970586c3274"},
    {file = "six-1.17.0.tar.gz", hash = "sha256:ff70335d468e7eb6ec65b95b99d3a2836546063f63acc5171de367e834932a81"},
]

[[package]]
name = "whattype"
version = "0.0.1"
description = "Python package to check the type of a variable or object."
optional = false
python-versions = "*"
groups = ["more-dev"]
files = [
    {file = "whatType-0.0.1-py3-none-any.whl", hash = "sha256:9c5476d1dbb404a4ca2570d38e82eef7d91aeb1b6e2f46593b8fe2f3418092be"},
    {file = "whatType-0.0.1.tar.gz", hash = "sha256:e504994f4290430cdc4f3c974b77ee59f77bfaac004163241b596d8f6c84eeea"},
]

[package.extras]
dev = ["check-manifest (>=0.48)", "pytest (>=3.7)", "twine (>=3.8.0)"]

[metadata]
lock-version = "2.1"
python-versions = ">=3.13"
content-hash = "f91cf681077b106542ca4793122473977048e184620216a34013ad8c63f1179f"
