# This file is automatically @generated by Poetry and should not be changed by hand.

[[package]]
name = "isodd"
version = "0.1.2"
description = "Simple library to check if a number is odd"
category = "dev"
optional = false
python-versions = "*"
files = [
    {file = "isOdd-0.1.2.tar.gz", hash = "sha256:99c0ef564aac474091d9146b36327ec45fbe80f741c90751d41eeb1eb63a487e"},
]

[[package]]
name = "simple-enum"
version = "0.0.6"
description = "A simpler Enum for Python 3"
category = "dev"
optional = false
python-versions = "*"
files = [
    {file = "simple-enum-0.0.6.tar.gz", hash = "sha256:e088c788185d0d4a90892fe4b2ee7f973e4f0ae2f43e171ba128345b7c202f72"},
]

[[package]]
name = "six"
version = "1.16.0"
description = "Python 2 and 3 compatibility utilities"
category = "main"
optional = false
python-versions = ">=2.7, !=3.0.*, !=3.1.*, !=3.2.*"
files = [
    {file = "six-1.16.0-py2.py3-none-any.whl", hash = "sha256:8abb2f1d86890a2dfb989f9a77cfcfd3e47c2a354b01111771326f8aa26e0254"},
    {file = "six-1.16.0.tar.gz", hash = "sha256:1e61c37477a1626458e36f7b1d82aa5c9b094fa4802892072e49de9c60c4c926"},
]

[metadata]
lock-version = "2.0"
python-versions = "*"
content-hash = "a05efefdb16bfdab2f73f36ba7d56dcbcbd99fbb0ab9bfc8fbaca6d9735a2363"
